
Microsoft Visual Studio Solution File, Format Version 12.00
# Visual Studio Version 17
VisualStudioVersion = 17.0.31919.166
MinimumVisualStudioVersion = 10.0.40219.1
Project("{9A19103F-16F7-4668-BE54-9A1E7A4F7556}") = "LAB.DataScanner.ConfigDatabaseApi.DataAccess", "LAB.DataScanner.ConfigDatabaseApi.DataAccess\LAB.DataScanner.ConfigDatabaseApi.DataAccess.csproj", "{BCD4B4B9-187C-40E5-BE0E-A330C700538B}"
EndProject
Project("{00D1A9C2-B5F0-4AF3-8072-F6C62B433612}") = "LAB.DataScanner.ConfigDatabase", "LAB.DataScanner.ConfigDatabase\LAB.DataScanner.ConfigDatabase.sqlproj", "{86EBA48B-8926-40C2-B729-7F58A5F949DE}"
EndProject
Project("{9A19103F-16F7-4668-BE54-9A1E7A4F7556}") = "LAB.DataScanner.ConfigDatabaseApi", "LAB.DataScanner.ConfigDatabaseApi\LAB.DataScanner.ConfigDatabaseApi.csproj", "{85B65432-1A33-4AC6-B536-BC6CDB05DB0E}"
EndProject
Project("{9A19103F-16F7-4668-BE54-9A1E7A4F7556}") = "LAB.DataScanner.ConfigDatabaseApi.BusinessLogic", "LAB.DataScanner.ConfigDatabaseApi.BusinessLogic\LAB.DataScanner.ConfigDatabaseApi.BusinessLogic.csproj", "{328B8B6A-A340-4F69-AFAD-61EF3682BFF7}"
EndProject
Project("{9A19103F-16F7-4668-BE54-9A1E7A4F7556}") = "LAB.DataScanner.ConfigDatabaseApi.Contracts", "LAB.DataScanner.ConfigDatabaseApi.Contracts\LAB.DataScanner.ConfigDatabaseApi.Contracts.csproj", "{C064A5CF-B56B-4645-B8B6-D98F9BF9493A}"
EndProject
Project("{9A19103F-16F7-4668-BE54-9A1E7A4F7556}") = "LAB.DataScanner.Components", "LAB.DataScanner.Components\LAB.DataScanner.Components.csproj", "{0F3F54E7-45E6-47A6-BB9C-EA0C1BACBD8D}"
EndProject
Project("{9A19103F-16F7-4668-BE54-9A1E7A4F7556}") = "LAB.DataScanner.Components.Tests", "LAB.DataScanner.Components.Tests\LAB.DataScanner.Components.Tests.csproj", "{7C2945ED-EFAC-4C01-AE79-4CC688CED161}"
EndProject
Project("{FAE04EC0-301F-11D3-BF4B-00C04F79EFBC}") = "LAB.DataScanner.RabbitMQ.TestConsumer", "LAB.DataScanner.RabbitMQ.Test\LAB.DataScanner.RabbitMQ.TestConsumer.csproj", "{3FD649F4-049C-4780-BD0C-BC3E12F4717B}"
EndProject
Project("{FAE04EC0-301F-11D3-BF4B-00C04F79EFBC}") = "LAB.DataScanner.RabbitMQ.TestPublisher", "LAB.DataScanner.RabbitMQ.TestPublisher\LAB.DataScanner.RabbitMQ.TestPublisher.csproj", "{254DE15F-7DDD-4533-8B37-B87C5C544D05}"
EndProject
Global
	GlobalSection(SolutionConfigurationPlatforms) = preSolution
		Debug|Any CPU = Debug|Any CPU
		Release|Any CPU = Release|Any CPU
	EndGlobalSection
	GlobalSection(ProjectConfigurationPlatforms) = postSolution
		{BCD4B4B9-187C-40E5-BE0E-A330C700538B}.Debug|Any CPU.ActiveCfg = Debug|Any CPU
		{BCD4B4B9-187C-40E5-BE0E-A330C700538B}.Debug|Any CPU.Build.0 = Debug|Any CPU
		{BCD4B4B9-187C-40E5-BE0E-A330C700538B}.Release|Any CPU.ActiveCfg = Release|Any CPU
		{BCD4B4B9-187C-40E5-BE0E-A330C700538B}.Release|Any CPU.Build.0 = Release|Any CPU
		{86EBA48B-8926-40C2-B729-7F58A5F949DE}.Debug|Any CPU.ActiveCfg = Debug|Any CPU
		{86EBA48B-8926-40C2-B729-7F58A5F949DE}.Debug|Any CPU.Build.0 = Debug|Any CPU
		{86EBA48B-8926-40C2-B729-7F58A5F949DE}.Debug|Any CPU.Deploy.0 = Debug|Any CPU
		{86EBA48B-8926-40C2-B729-7F58A5F949DE}.Release|Any CPU.ActiveCfg = Release|Any CPU
		{86EBA48B-8926-40C2-B729-7F58A5F949DE}.Release|Any CPU.Build.0 = Release|Any CPU
		{86EBA48B-8926-40C2-B729-7F58A5F949DE}.Release|Any CPU.Deploy.0 = Release|Any CPU
		{85B65432-1A33-4AC6-B536-BC6CDB05DB0E}.Debug|Any CPU.ActiveCfg = Debug|Any CPU
		{85B65432-1A33-4AC6-B536-BC6CDB05DB0E}.Debug|Any CPU.Build.0 = Debug|Any CPU
		{85B65432-1A33-4AC6-B536-BC6CDB05DB0E}.Release|Any CPU.ActiveCfg = Release|Any CPU
		{85B65432-1A33-4AC6-B536-BC6CDB05DB0E}.Release|Any CPU.Build.0 = Release|Any CPU
		{328B8B6A-A340-4F69-AFAD-61EF3682BFF7}.Debug|Any CPU.ActiveCfg = Debug|Any CPU
		{328B8B6A-A340-4F69-AFAD-61EF3682BFF7}.Debug|Any CPU.Build.0 = Debug|Any CPU
		{328B8B6A-A340-4F69-AFAD-61EF3682BFF7}.Release|Any CPU.ActiveCfg = Release|Any CPU
		{328B8B6A-A340-4F69-AFAD-61EF3682BFF7}.Release|Any CPU.Build.0 = Release|Any CPU
		{C064A5CF-B56B-4645-B8B6-D98F9BF9493A}.Debug|Any CPU.ActiveCfg = Debug|Any CPU
		{C064A5CF-B56B-4645-B8B6-D98F9BF9493A}.Debug|Any CPU.Build.0 = Debug|Any CPU
		{C064A5CF-B56B-4645-B8B6-D98F9BF9493A}.Release|Any CPU.ActiveCfg = Release|Any CPU
		{C064A5CF-B56B-4645-B8B6-D98F9BF9493A}.Release|Any CPU.Build.0 = Release|Any CPU
		{0F3F54E7-45E6-47A6-BB9C-EA0C1BACBD8D}.Debug|Any CPU.ActiveCfg = Debug|Any CPU
		{0F3F54E7-45E6-47A6-BB9C-EA0C1BACBD8D}.Debug|Any CPU.Build.0 = Debug|Any CPU
		{0F3F54E7-45E6-47A6-BB9C-EA0C1BACBD8D}.Release|Any CPU.ActiveCfg = Release|Any CPU
		{0F3F54E7-45E6-47A6-BB9C-EA0C1BACBD8D}.Release|Any CPU.Build.0 = Release|Any CPU
		{7C2945ED-EFAC-4C01-AE79-4CC688CED161}.Debug|Any CPU.ActiveCfg = Debug|Any CPU
		{7C2945ED-EFAC-4C01-AE79-4CC688CED161}.Debug|Any CPU.Build.0 = Debug|Any CPU
		{7C2945ED-EFAC-4C01-AE79-4CC688CED161}.Release|Any CPU.ActiveCfg = Release|Any CPU
		{7C2945ED-EFAC-4C01-AE79-4CC688CED161}.Release|Any CPU.Build.0 = Release|Any CPU
		{3FD649F4-049C-4780-BD0C-BC3E12F4717B}.Debug|Any CPU.ActiveCfg = Debug|Any CPU
		{3FD649F4-049C-4780-BD0C-BC3E12F4717B}.Debug|Any CPU.Build.0 = Debug|Any CPU
		{3FD649F4-049C-4780-BD0C-BC3E12F4717B}.Release|Any CPU.ActiveCfg = Release|Any CPU
		{3FD649F4-049C-4780-BD0C-BC3E12F4717B}.Release|Any CPU.Build.0 = Release|Any CPU
		{254DE15F-7DDD-4533-8B37-B87C5C544D05}.Debug|Any CPU.ActiveCfg = Debug|Any CPU
		{254DE15F-7DDD-4533-8B37-B87C5C544D05}.Debug|Any CPU.Build.0 = Debug|Any CPU
		{254DE15F-7DDD-4533-8B37-B87C5C544D05}.Release|Any CPU.ActiveCfg = Release|Any CPU
		{254DE15F-7DDD-4533-8B37-B87C5C544D05}.Release|Any CPU.Build.0 = Release|Any CPU
	EndGlobalSection
	GlobalSection(SolutionProperties) = preSolution
		HideSolutionNode = FALSE
	EndGlobalSection
	GlobalSection(ExtensibilityGlobals) = postSolution
		SolutionGuid = {5752DB01-8826-4022-9780-950E9A048285}
	EndGlobalSection
EndGlobal
