
Microsoft Visual Studio Solution File, Format Version 12.00
# Visual Studio Version 17
VisualStudioVersion = 17.0.31919.166
MinimumVisualStudioVersion = 10.0.40219.1
Project("{9A19103F-16F7-4668-BE54-9A1E7A4F7556}") = "LAB.DataScanner.ConfigDatabaseApi.DataAccess", "LAB.DataScanner.ConfigDatabaseApi.DataAccess\LAB.DataScanner.ConfigDatabaseApi.DataAccess.csproj", "{BCD4B4B9-187C-40E5-BE0E-A330C700538B}"
EndProject
Project("{00D1A9C2-B5F0-4AF3-8072-F6C62B433612}") = "LAB.DataScanner.ConfigDatabase", "LAB.DataScanner.ConfigDatabase\LAB.DataScanner.ConfigDatabase.sqlproj", "{86EBA48B-8926-40C2-B729-7F58A5F949DE}"
EndProject
Project("{9A19103F-16F7-4668-BE54-9A1E7A4F7556}") = "LAB.DataScanner.ConfigDatabaseApi", "LAB.DataScanner.ConfigDatabaseApi\LAB.DataScanner.ConfigDatabaseApi.csproj", "{85B65432-1A33-4AC6-B536-BC6CDB05DB0E}"
EndProject
Project("{9A19103F-16F7-4668-BE54-9A1E7A4F7556}") = "LAB.DataScanner.ConfigDatabaseApi.BusinessLogic", "LAB.DataScanner.ConfigDatabaseApi.BusinessLogic\LAB.DataScanner.ConfigDatabaseApi.BusinessLogic.csproj", "{328B8B6A-A340-4F69-AFAD-61EF3682BFF7}"
EndProject
Project("{9A19103F-16F7-4668-BE54-9A1E7A4F7556}") = "LAB.DataScanner.Components", "LAB.DataScanner.Components\LAB.DataScanner.Components.csproj", "{0F3F54E7-45E6-47A6-BB9C-EA0C1BACBD8D}"
EndProject
Project("{9A19103F-16F7-4668-BE54-9A1E7A4F7556}") = "LAB.DataScanner.Components.Tests", "LAB.DataScanner.Components.Tests\LAB.DataScanner.Components.Tests.csproj", "{7C2945ED-EFAC-4C01-AE79-4CC688CED161}"
EndProject
Project("{9A19103F-16F7-4668-BE54-9A1E7A4F7556}") = "LAB.DataScanner.UrlsGenerator", "LAB.DataScanner.UrlsGenerator\LAB.DataScanner.UrlsGenerator.csproj", "{10D3351E-EFF6-41BB-B237-66EB2D5A2D03}"
EndProject
Project("{9A19103F-16F7-4668-BE54-9A1E7A4F7556}") = "LAB.DataScanner.WebPageDownloader", "LAB.DataScanner.WebPageDownloader\LAB.DataScanner.WebPageDownloader.csproj", "{6B0E8FF5-8623-45CE-874C-992BA5828996}"
EndProject
Project("{9A19103F-16F7-4668-BE54-9A1E7A4F7556}") = "LAB.DataScanner.HtmlToJsonConverter", "LAB.DataScanner.HtmlToJsonConverter\LAB.DataScanner.HtmlToJsonConverter.csproj", "{A36D3975-42DD-4AA3-A557-8A453F865ED6}"
EndProject
Project("{9A19103F-16F7-4668-BE54-9A1E7A4F7556}") = "LAB.DataScanner.SimpleTableDBPersister", "LAB.DataScanner.SimpleTableDBPersister\LAB.DataScanner.SimpleTableDBPersister.csproj", "{DC978E19-1D11-419E-A2AD-76B30926E5F9}"
EndProject
Global
	GlobalSection(SolutionConfigurationPlatforms) = preSolution
		Debug|Any CPU = Debug|Any CPU
		Release|Any CPU = Release|Any CPU
	EndGlobalSection
	GlobalSection(ProjectConfigurationPlatforms) = postSolution
		{BCD4B4B9-187C-40E5-BE0E-A330C700538B}.Debug|Any CPU.ActiveCfg = Debug|Any CPU
		{BCD4B4B9-187C-40E5-BE0E-A330C700538B}.Debug|Any CPU.Build.0 = Debug|Any CPU
		{BCD4B4B9-187C-40E5-BE0E-A330C700538B}.Release|Any CPU.ActiveCfg = Release|Any CPU
		{BCD4B4B9-187C-40E5-BE0E-A330C700538B}.Release|Any CPU.Build.0 = Release|Any CPU
		{86EBA48B-8926-40C2-B729-7F58A5F949DE}.Debug|Any CPU.ActiveCfg = Debug|Any CPU
		{86EBA48B-8926-40C2-B729-7F58A5F949DE}.Debug|Any CPU.Build.0 = Debug|Any CPU
		{86EBA48B-8926-40C2-B729-7F58A5F949DE}.Debug|Any CPU.Deploy.0 = Debug|Any CPU
		{86EBA48B-8926-40C2-B729-7F58A5F949DE}.Release|Any CPU.ActiveCfg = Release|Any CPU
		{86EBA48B-8926-40C2-B729-7F58A5F949DE}.Release|Any CPU.Build.0 = Release|Any CPU
		{86EBA48B-8926-40C2-B729-7F58A5F949DE}.Release|Any CPU.Deploy.0 = Release|Any CPU
		{85B65432-1A33-4AC6-B536-BC6CDB05DB0E}.Debug|Any CPU.ActiveCfg = Debug|Any CPU
		{85B65432-1A33-4AC6-B536-BC6CDB05DB0E}.Debug|Any CPU.Build.0 = Debug|Any CPU
		{85B65432-1A33-4AC6-B536-BC6CDB05DB0E}.Release|Any CPU.ActiveCfg = Release|Any CPU
		{85B65432-1A33-4AC6-B536-BC6CDB05DB0E}.Release|Any CPU.Build.0 = Release|Any CPU
		{328B8B6A-A340-4F69-AFAD-61EF3682BFF7}.Debug|Any CPU.ActiveCfg = Debug|Any CPU
		{328B8B6A-A340-4F69-AFAD-61EF3682BFF7}.Debug|Any CPU.Build.0 = Debug|Any CPU
		{328B8B6A-A340-4F69-AFAD-61EF3682BFF7}.Release|Any CPU.ActiveCfg = Release|Any CPU
		{328B8B6A-A340-4F69-AFAD-61EF3682BFF7}.Release|Any CPU.Build.0 = Release|Any CPU
		{0F3F54E7-45E6-47A6-BB9C-EA0C1BACBD8D}.Debug|Any CPU.ActiveCfg = Debug|Any CPU
		{0F3F54E7-45E6-47A6-BB9C-EA0C1BACBD8D}.Debug|Any CPU.Build.0 = Debug|Any CPU
		{0F3F54E7-45E6-47A6-BB9C-EA0C1BACBD8D}.Release|Any CPU.ActiveCfg = Release|Any CPU
		{0F3F54E7-45E6-47A6-BB9C-EA0C1BACBD8D}.Release|Any CPU.Build.0 = Release|Any CPU
		{7C2945ED-EFAC-4C01-AE79-4CC688CED161}.Debug|Any CPU.ActiveCfg = Debug|Any CPU
		{7C2945ED-EFAC-4C01-AE79-4CC688CED161}.Debug|Any CPU.Build.0 = Debug|Any CPU
		{7C2945ED-EFAC-4C01-AE79-4CC688CED161}.Release|Any CPU.ActiveCfg = Release|Any CPU
		{7C2945ED-EFAC-4C01-AE79-4CC688CED161}.Release|Any CPU.Build.0 = Release|Any CPU
		{10D3351E-EFF6-41BB-B237-66EB2D5A2D03}.Debug|Any CPU.ActiveCfg = Debug|Any CPU
		{10D3351E-EFF6-41BB-B237-66EB2D5A2D03}.Debug|Any CPU.Build.0 = Debug|Any CPU
		{10D3351E-EFF6-41BB-B237-66EB2D5A2D03}.Release|Any CPU.ActiveCfg = Release|Any CPU
		{10D3351E-EFF6-41BB-B237-66EB2D5A2D03}.Release|Any CPU.Build.0 = Release|Any CPU
		{6B0E8FF5-8623-45CE-874C-992BA5828996}.Debug|Any CPU.ActiveCfg = Debug|Any CPU
		{6B0E8FF5-8623-45CE-874C-992BA5828996}.Debug|Any CPU.Build.0 = Debug|Any CPU
		{6B0E8FF5-8623-45CE-874C-992BA5828996}.Release|Any CPU.ActiveCfg = Release|Any CPU
		{6B0E8FF5-8623-45CE-874C-992BA5828996}.Release|Any CPU.Build.0 = Release|Any CPU
		{A36D3975-42DD-4AA3-A557-8A453F865ED6}.Debug|Any CPU.ActiveCfg = Debug|Any CPU
		{A36D3975-42DD-4AA3-A557-8A453F865ED6}.Debug|Any CPU.Build.0 = Debug|Any CPU
		{A36D3975-42DD-4AA3-A557-8A453F865ED6}.Release|Any CPU.ActiveCfg = Release|Any CPU
		{A36D3975-42DD-4AA3-A557-8A453F865ED6}.Release|Any CPU.Build.0 = Release|Any CPU
		{DC978E19-1D11-419E-A2AD-76B30926E5F9}.Debug|Any CPU.ActiveCfg = Debug|Any CPU
		{DC978E19-1D11-419E-A2AD-76B30926E5F9}.Debug|Any CPU.Build.0 = Debug|Any CPU
		{DC978E19-1D11-419E-A2AD-76B30926E5F9}.Release|Any CPU.ActiveCfg = Release|Any CPU
		{DC978E19-1D11-419E-A2AD-76B30926E5F9}.Release|Any CPU.Build.0 = Release|Any CPU
	EndGlobalSection
	GlobalSection(SolutionProperties) = preSolution
		HideSolutionNode = FALSE
	EndGlobalSection
	GlobalSection(ExtensibilityGlobals) = postSolution
		SolutionGuid = {5752DB01-8826-4022-9780-950E9A048285}
	EndGlobalSection
EndGlobal
